
Microsoft Visual Studio Solution File, Format Version 12.00
# Visual Studio Version 16
VisualStudioVersion = 16.0.28922.388
MinimumVisualStudioVersion = 10.0.40219.1
Project("{9A19103F-16F7-4668-BE54-9A1E7A4F7556}") = "WebApi", "WebApi\WebApi.csproj", "{4061060B-4480-48AC-A9D3-B7BC0376B2B2}"
EndProject
Project("{9A19103F-16F7-4668-BE54-9A1E7A4F7556}") = "Contracts", "Contracts\Contracts.csproj", "{E4B53D3E-B915-43A5-8F4B-A003AE907DB8}"
EndProject
Project("{9A19103F-16F7-4668-BE54-9A1E7A4F7556}") = "Repository", "Repository\Repository.csproj", "{A46F704A-BAA1-4D95-B679-36DDA51F7A9D}"
EndProject
Project("{9A19103F-16F7-4668-BE54-9A1E7A4F7556}") = "Entities", "Entities\Entities.csproj", "{B633B46F-3D9D-4525-8FEA-10C82796FEC3}"
EndProject
Project("{FAE04EC0-301F-11D3-BF4B-00C04F79EFBC}") = "Services", "Services\Services.csproj", "{F08316AA-9B10-4093-BD6C-0C4FBA323125}"
EndProject
Global
	GlobalSection(SolutionConfigurationPlatforms) = preSolution
		Debug|Any CPU = Debug|Any CPU
		Release|Any CPU = Release|Any CPU
	EndGlobalSection
	GlobalSection(ProjectConfigurationPlatforms) = postSolution
		{4061060B-4480-48AC-A9D3-B7BC0376B2B2}.Debug|Any CPU.ActiveCfg = Debug|Any CPU
		{4061060B-4480-48AC-A9D3-B7BC0376B2B2}.Debug|Any CPU.Build.0 = Debug|Any CPU
		{4061060B-4480-48AC-A9D3-B7BC0376B2B2}.Release|Any CPU.ActiveCfg = Release|Any CPU
		{4061060B-4480-48AC-A9D3-B7BC0376B2B2}.Release|Any CPU.Build.0 = Release|Any CPU
		{E4B53D3E-B915-43A5-8F4B-A003AE907DB8}.Debug|Any CPU.ActiveCfg = Debug|Any CPU
		{E4B53D3E-B915-43A5-8F4B-A003AE907DB8}.Debug|Any CPU.Build.0 = Debug|Any CPU
		{E4B53D3E-B915-43A5-8F4B-A003AE907DB8}.Release|Any CPU.ActiveCfg = Release|Any CPU
		{E4B53D3E-B915-43A5-8F4B-A003AE907DB8}.Release|Any CPU.Build.0 = Release|Any CPU
		{A46F704A-BAA1-4D95-B679-36DDA51F7A9D}.Debug|Any CPU.ActiveCfg = Debug|Any CPU
		{A46F704A-BAA1-4D95-B679-36DDA51F7A9D}.Debug|Any CPU.Build.0 = Debug|Any CPU
		{A46F704A-BAA1-4D95-B679-36DDA51F7A9D}.Release|Any CPU.ActiveCfg = Release|Any CPU
		{A46F704A-BAA1-4D95-B679-36DDA51F7A9D}.Release|Any CPU.Build.0 = Release|Any CPU
		{B633B46F-3D9D-4525-8FEA-10C82796FEC3}.Debug|Any CPU.ActiveCfg = Debug|Any CPU
		{B633B46F-3D9D-4525-8FEA-10C82796FEC3}.Debug|Any CPU.Build.0 = Debug|Any CPU
		{B633B46F-3D9D-4525-8FEA-10C82796FEC3}.Release|Any CPU.ActiveCfg = Release|Any CPU
		{B633B46F-3D9D-4525-8FEA-10C82796FEC3}.Release|Any CPU.Build.0 = Release|Any CPU
		{F08316AA-9B10-4093-BD6C-0C4FBA323125}.Debug|Any CPU.ActiveCfg = Debug|Any CPU
		{F08316AA-9B10-4093-BD6C-0C4FBA323125}.Debug|Any CPU.Build.0 = Debug|Any CPU
		{F08316AA-9B10-4093-BD6C-0C4FBA323125}.Release|Any CPU.ActiveCfg = Release|Any CPU
		{F08316AA-9B10-4093-BD6C-0C4FBA323125}.Release|Any CPU.Build.0 = Release|Any CPU
	EndGlobalSection
	GlobalSection(SolutionProperties) = preSolution
		HideSolutionNode = FALSE
	EndGlobalSection
	GlobalSection(ExtensibilityGlobals) = postSolution
		SolutionGuid = {D52A80AF-27B4-4451-8BAF-128ED850E60D}
	EndGlobalSection
EndGlobal
